
Microsoft Visual Studio Solution File, Format Version 12.00
# Visual Studio Version 17
VisualStudioVersion = 17.3.32825.248
MinimumVisualStudioVersion = 10.0.40219.1
Project("{FAE04EC0-301F-11D3-BF4B-00C04F79EFBC}") = "exercicio 2", "exercicio 2\exercicio 2.csproj", "{716C5F36-B9EB-4040-96C6-FD985D4D78F5}"
EndProject
Global
	GlobalSection(SolutionConfigurationPlatforms) = preSolution
		Debug|Any CPU = Debug|Any CPU
		Release|Any CPU = Release|Any CPU
	EndGlobalSection
	GlobalSection(ProjectConfigurationPlatforms) = postSolution
		{716C5F36-B9EB-4040-96C6-FD985D4D78F5}.Debug|Any CPU.ActiveCfg = Debug|Any CPU
		{716C5F36-B9EB-4040-96C6-FD985D4D78F5}.Debug|Any CPU.Build.0 = Debug|Any CPU
		{716C5F36-B9EB-4040-96C6-FD985D4D78F5}.Release|Any CPU.ActiveCfg = Release|Any CPU
		{716C5F36-B9EB-4040-96C6-FD985D4D78F5}.Release|Any CPU.Build.0 = Release|Any CPU
	EndGlobalSection
	GlobalSection(SolutionProperties) = preSolution
		HideSolutionNode = FALSE
	EndGlobalSection
	GlobalSection(ExtensibilityGlobals) = postSolution
		SolutionGuid = {258DAFB1-419C-4035-B3F7-CCECCECECD7B}
	EndGlobalSection
EndGlobal
